# THIS IS AN AUTOGENERATED FILE. DO NOT EDIT THIS FILE DIRECTLY.
# yarn lockfile v1


"@babel/runtime@^7.7.2":
  version "7.11.2"
  resolved "https://registry.yarnpkg.com/@babel/runtime/-/runtime-7.11.2.tgz#f549c13c754cc40b87644b9fa9f09a6a95fe0736"
  integrity sha512-TeWkU52so0mPtDcaCTxNBI/IHiz0pZgr8VEFqXFtZWpYD08ZB6FaSwVAS8MKRQAP3bYKiVjwysOJgMFY28o6Tw==
  dependencies:
    regenerator-runtime "^0.13.4"

"@emotion/cache@^11.0.0-next.15":
  version "11.0.0-next.15"
  resolved "https://registry.yarnpkg.com/@emotion/cache/-/cache-11.0.0-next.15.tgz#c185292b6cc739d108110e00fd7762b6051fdf8c"
  integrity sha512-Uik8VH6B5k2zPMnkjjGo1WagEb4SiBbF3zXqEzUHWVpE06P/jN3c+PvtHYNs3avQaTlno6mYqgmjbuh7dJOT5w==
  dependencies:
    "@emotion/sheet" "1.0.0-next.3"
    "@emotion/utils" "1.0.0-next.0"
    "@emotion/weak-memoize" "0.2.5"
    stylis "^4.0.2"

"@emotion/hash@0.8.0":
  version "0.8.0"
  resolved "https://registry.yarnpkg.com/@emotion/hash/-/hash-0.8.0.tgz#bbbff68978fefdbe68ccb533bc8cbe1d1afb5413"
  integrity sha512-kBJtf7PH6aWwZ6fka3zQ0p6SBYzx4fl1LoZXE2RrnYST9Xljm7WfKJrU4g/Xr3Beg72MLrp1AWNUmuYJTL7Cow==

"@emotion/memoize@0.7.4":
  version "0.7.4"
  resolved "https://registry.yarnpkg.com/@emotion/memoize/-/memoize-0.7.4.tgz#19bf0f5af19149111c40d98bb0cf82119f5d9eeb"
  integrity sha512-Ja/Vfqe3HpuzRsG1oBtWTHk2PGZ7GR+2Vz5iYGelAw8dx32K0y7PjVuxK6z1nMpZOqAFsRUPCkK1YjJ56qJlgw==

"@emotion/react@^11.0.0-next.15":
  version "11.0.0-next.15"
  resolved "https://registry.yarnpkg.com/@emotion/react/-/react-11.0.0-next.15.tgz#eafc54993eb1dd8900b20330f68de7e9cdd1fcc0"
  integrity sha512-EFOsaj2uzNuw5sayaAt8gfvpewX7jDKc7u8TatD9IMtiRCfX4VJxu5U7+hIxsMw4RwFNrWVS7mDGCFgWfHjbHw==
  dependencies:
    "@babel/runtime" "^7.7.2"
    "@emotion/cache" "^11.0.0-next.15"
    "@emotion/serialize" "^1.0.0-next.3"
    "@emotion/sheet" "1.0.0-next.3"
    "@emotion/utils" "1.0.0-next.0"
    "@emotion/weak-memoize" "0.2.5"
    hoist-non-react-statics "^3.3.1"

"@emotion/serialize@^1.0.0-next.3":
  version "1.0.0-next.3"
  resolved "https://registry.yarnpkg.com/@emotion/serialize/-/serialize-1.0.0-next.3.tgz#88a854140504de62caf337bc82e2f3944eed7ce3"
  integrity sha512-WfFdxoAgWwzLuzLRKQH4PmsodL4gLtN/Sa1w59gXHxQ8YL7FXTi9X7oDyoX4c0nfBqc+GcgFEkyznwLctoAo3Q==
  dependencies:
    "@emotion/hash" "0.8.0"
    "@emotion/memoize" "0.7.4"
    "@emotion/unitless" "0.7.5"
    "@emotion/utils" "1.0.0-next.0"
    csstype "^3.0.2"

"@emotion/sheet@1.0.0-next.3":
  version "1.0.0-next.3"
  resolved "https://registry.yarnpkg.com/@emotion/sheet/-/sheet-1.0.0-next.3.tgz#0fadc7275ac45638a5b5249227612c97bfdf25e0"
  integrity sha512-EdvC7vk7K5Dl4lMJ5qKQKe0b5VWbETbG+KuOz1N5cuqYon38XpFWtewankWv0t7fqOVSYNl8jIZr5pzPMQ3o2Q==

"@emotion/unitless@0.7.5":
  version "0.7.5"
  resolved "https://registry.yarnpkg.com/@emotion/unitless/-/unitless-0.7.5.tgz#77211291c1900a700b8a78cfafda3160d76949ed"
  integrity sha512-OWORNpfjMsSSUBVrRBVGECkhWcULOAJz9ZW8uK9qgxD+87M7jHRcvh/A96XXNhXTLmKcoYSQtBEX7lHMO7YRwg==

"@emotion/utils@1.0.0-next.0":
  version "1.0.0-next.0"
  resolved "https://registry.yarnpkg.com/@emotion/utils/-/utils-1.0.0-next.0.tgz#1da2f62dcaeb0c811ab43d81fa69242ea4662366"
  integrity sha512-qqaJxqxV5KwOMv+3ZW1c+UzLT/4X4vNybMg2Y0jLIjpZZRT7YJEqtezpwE3j6t/osslKDVz6hPrjunkD7ZWMLw==

"@emotion/weak-memoize@0.2.5":
  version "0.2.5"
  resolved "https://registry.yarnpkg.com/@emotion/weak-memoize/-/weak-memoize-0.2.5.tgz#8eed982e2ee6f7f4e44c253e12962980791efd46"
  integrity sha512-6U71C2Wp7r5XtFtQzYrW5iKFT67OixrSxjI4MptCHzdSVlgabczzqLe0ZSgnub/5Kp4hSbpDB1tMytZY9pwxxA==

"@styled-system/css@^5.1.5":
  version "5.1.5"
  resolved "https://registry.yarnpkg.com/@styled-system/css/-/css-5.1.5.tgz#0460d5f3ff962fa649ea128ef58d9584f403bbbc"
  integrity sha512-XkORZdS5kypzcBotAMPBoeckDs9aSZVkvrAlq5K3xP8IMAUek+x2O4NtwoSgkYkWWzVBu6DGdFZLR790QWGG+A==

"@types/prop-types@*":
  version "15.7.3"
  resolved "https://registry.yarnpkg.com/@types/prop-types/-/prop-types-15.7.3.tgz#2ab0d5da2e5815f94b0b9d4b95d1e5f243ab2ca7"
  integrity sha512-KfRL3PuHmqQLOG+2tGpRO26Ctg+Cq1E01D2DMriKEATHgWLfeNDmq9e29Q9WIky0dQ3NPkd1mzYH8Lm936Z9qw==

"@types/react@^16.9.46":
  version "16.9.46"
  resolved "https://registry.yarnpkg.com/@types/react/-/react-16.9.46.tgz#f0326cd7adceda74148baa9bff6e918632f5069e"
  integrity sha512-dbHzO3aAq1lB3jRQuNpuZ/mnu+CdD3H0WVaaBQA8LTT3S33xhVBUj232T8M3tAhSWJs/D/UqORYUlJNl/8VQZg==
  dependencies:
    "@types/prop-types" "*"
    csstype "^3.0.2"

"@types/styled-system__css@^5.0.13":
  version "5.0.13"
  resolved "https://registry.yarnpkg.com/@types/styled-system__css/-/styled-system__css-5.0.13.tgz#37ccff101739ed4c67b2f13142f67fb656f5dd0f"
  integrity sha512-weoDj0SVCGB8/BmFVbQKaOCygGoMWiPGt+CVtgWHC/pcWtiWioCplMxTpza2cpYQs/Cf72+A4mAY24a3RbXllQ==
  dependencies:
    csstype "^3.0.2"

csstype@^3.0.2:
  version "3.0.2"
  resolved "https://registry.yarnpkg.com/csstype/-/csstype-3.0.2.tgz#ee5ff8f208c8cd613b389f7b222c9801ca62b3f7"
  integrity sha512-ofovWglpqoqbfLNOTBNZLSbMuGrblAf1efvvArGKOZMBrIoJeu5UsAipQolkijtyQx5MtAzT/J9IHj/CEY1mJw==

hoist-non-react-statics@^3.3.1:
  version "3.3.2"
  resolved "https://registry.yarnpkg.com/hoist-non-react-statics/-/hoist-non-react-statics-3.3.2.tgz#ece0acaf71d62c2969c2ec59feff42a4b1a85b45"
  integrity sha512-/gGivxi8JPKWNm/W0jSmzcMPpfpPLc3dY/6GxhX2hQ9iGj3aDfklV4ET7NjKpSinLpJ5vafa9iiGIEZg10SfBw==
  dependencies:
    react-is "^16.7.0"

"js-tokens@^3.0.0 || ^4.0.0":
  version "4.0.0"
  resolved "https://registry.yarnpkg.com/js-tokens/-/js-tokens-4.0.0.tgz#19203fb59991df98e3a287050d4647cdeaf32499"
  integrity sha512-RdJUflcE3cUzKiMqQgsCu06FPu9UdIJO0beYbPhHN4k6apgJtifcoCtT9bcxOpYBtpD2kCM6Sbzg4CausW/PKQ==

loose-envify@^1.1.0, loose-envify@^1.4.0:
  version "1.4.0"
  resolved "https://registry.yarnpkg.com/loose-envify/-/loose-envify-1.4.0.tgz#71ee51fa7be4caec1a63839f7e682d8132d30caf"
  integrity sha512-lyuxPGr/Wfhrlem2CL/UcnUc1zcqKAImBDzukY7Y5F/yQiNdko6+fRLevlw1HgMySw7f611UIY408EtxRSoK3Q==
  dependencies:
    js-tokens "^3.0.0 || ^4.0.0"

object-assign@^4.1.1:
  version "4.1.1"
  resolved "https://registry.yarnpkg.com/object-assign/-/object-assign-4.1.1.tgz#2109adc7965887cfc05cbbd442cac8bfbb360863"
  integrity sha1-IQmtx5ZYh8/AXLvUQsrIv7s2CGM=

prettier-plugin-pkg@^0.8.0:
  version "0.8.0"
  resolved "https://registry.yarnpkg.com/prettier-plugin-pkg/-/prettier-plugin-pkg-0.8.0.tgz#379ca5c21a08e8e978a9d0ee0220fe9db36908f7"
  integrity sha512-o0+gQDn7yQHFB4k667+aZLDuXlefCDzH00A+ExBlHx//CB9Wuj1lw935Hqu0PxGu+PXItsWlIr/wJZmdi8SGeg==

prettier@^2.1.0:
  version "2.1.0"
  resolved "https://registry.yarnpkg.com/prettier/-/prettier-2.1.0.tgz#5a9789f767a243118c60f3e56d95cb6544914fbb"
  integrity sha512-lz28cCbA1cDFHVuY8vvj6QuqOwIpyIfPUYkSl8AZ/vxH8qBXMMjE2knfLHCrZCmUsK/H1bg1P0tOo0dJkTJHvw==

prop-types@^15.6.2:
  version "15.7.2"
  resolved "https://registry.yarnpkg.com/prop-types/-/prop-types-15.7.2.tgz#52c41e75b8c87e72b9d9360e0206b99dcbffa6c5"
  integrity sha512-8QQikdH7//R2vurIJSutZ1smHYTcLpRWEOlHnzcWHmBYrOGUysKwSsrC89BCiFj3CbrfJ/nXFdJepOVrY1GCHQ==
  dependencies:
    loose-envify "^1.4.0"
    object-assign "^4.1.1"
    react-is "^16.8.1"

react-is@^16.7.0, react-is@^16.8.1:
  version "16.13.1"
  resolved "https://registry.yarnpkg.com/react-is/-/react-is-16.13.1.tgz#789729a4dc36de2999dc156dd6c1d9c18cea56a4"
  integrity sha512-24e6ynE2H+OKt4kqsOvNd8kBpV65zoxbA4BVsEOB3ARVWQki/DHzaUoC5KuON/BiccDaCCTZBuOcfZs70kR8bQ==

react@^16.13.1:
  version "16.13.1"
  resolved "https://registry.yarnpkg.com/react/-/react-16.13.1.tgz#2e818822f1a9743122c063d6410d85c1e3afe48e"
  integrity sha512-YMZQQq32xHLX0bz5Mnibv1/LHb3Sqzngu7xstSM+vrkE5Kzr9xE0yMByK5kMoTK30YVJE61WfbxIFFvfeDKT1w==
  dependencies:
    loose-envify "^1.1.0"
    object-assign "^4.1.1"
    prop-types "^15.6.2"

regenerator-runtime@^0.13.4:
  version "0.13.7"
  resolved "https://registry.yarnpkg.com/regenerator-runtime/-/regenerator-runtime-0.13.7.tgz#cac2dacc8a1ea675feaabaeb8ae833898ae46f55"
  integrity sha512-a54FxoJDIr27pgf7IgeQGxmqUNYrcV338lf/6gH456HZ/PhX+5BcwHXG9ajESmwe6WRO0tAzRUrRmNONWgkrew==

stylis@^4.0.2:
  version "4.0.2"
  resolved "https://registry.yarnpkg.com/stylis/-/stylis-4.0.2.tgz#84247b15c20688604b7a77db02b7fc071a127194"
  integrity sha512-2RR3o86K1CSrJjigElyNC9dSR7KyINLP68gauaBQn6j2zfJ/7gb0nD6FGXSCsklVM0V6fsoYA8qEXhhZGjkdww==

typescript@^4.0.2:
  version "4.0.2"
  resolved "https://registry.yarnpkg.com/typescript/-/typescript-4.0.2.tgz#7ea7c88777c723c681e33bf7988be5d008d05ac2"
  integrity sha512-e4ERvRV2wb+rRZ/IQeb3jm2VxBsirQLpQhdxplZ2MEzGvDkkMmPglecnNDfSUBivMjP93vRbngYYDQqQ/78bcQ==
